
Microsoft Visual Studio Solution File, Format Version 12.00
# Visual Studio Version 17
VisualStudioVersion = 17.14.37516.0 d17.14
MinimumVisualStudioVersion = 10.0.40219.1
Project("{FAE04EC0-301F-11D3-BF4B-00C04F79EFBC}") = "DotNet_Header_Footer", "DotNet_Header_Footer.csproj", "{3109F971-9F65-40AC-A664-62C990DDB058}"
EndProject
Global
	GlobalSection(SolutionConfigurationPlatforms) = preSolution
		Debug|Any CPU = Debug|Any CPU
		Release|Any CPU = Release|Any CPU
	EndGlobalSection
	GlobalSection(ProjectConfigurationPlatforms) = postSolution
		{3109F971-9F65-40AC-A664-62C990DDB058}.Debug|Any CPU.ActiveCfg = Debug|Any CPU
		{3109F971-9F65-40AC-A664-62C990DDB058}.Debug|Any CPU.Build.0 = Debug|Any CPU
		{3109F971-9F65-40AC-A664-62C990DDB058}.Release|Any CPU.ActiveCfg = Release|Any CPU
		{3109F971-9F65-40AC-A664-62C990DDB058}.Release|Any CPU.Build.0 = Release|Any CPU
	EndGlobalSection
	GlobalSection(SolutionProperties) = preSolution
		HideSolutionNode = FALSE
	EndGlobalSection
	GlobalSection(ExtensibilityGlobals) = postSolution
		SolutionGuid = {780B3EC7-265B-4BFC-ABEA-806CE665795E}
	EndGlobalSection
EndGlobal
